
Microsoft Visual Studio Solution File, Format Version 12.00
# Visual Studio Version 17
VisualStudioVersion = 17.0.31903.59
MinimumVisualStudioVersion = 10.0.40219.1
Project("{2150E333-8FDC-42A3-9474-1A3956D46DE8}") = "Videogiochi", "Videogiochi", "{CDFAB90B-4033-420D-8676-3096C4B620FD}"
EndProject
Project("{FAE04EC0-301F-11D3-BF4B-00C04F79EFBC}") = "MvcConsole", "Videogiochi\MvcConsole\MvcConsole.csproj", "{CCB68AF7-849E-415B-9AB8-36980949762B}"
EndProject
Project("{2150E333-8FDC-42A3-9474-1A3956D46DE8}") = "Razor", "Razor", "{2434C45E-5F47-45AA-B220-FC53DA7934B2}"
EndProject
Project("{FAE04EC0-301F-11D3-BF4B-00C04F79EFBC}") = "WebAppProdotti", "Razor\WebAppProdotti\WebAppProdotti.csproj", "{46C014E5-5167-4095-BCAD-C8124B69269B}"
EndProject
Global
	GlobalSection(SolutionConfigurationPlatforms) = preSolution
		Debug|Any CPU = Debug|Any CPU
		Release|Any CPU = Release|Any CPU
	EndGlobalSection
	GlobalSection(SolutionProperties) = preSolution
		HideSolutionNode = FALSE
	EndGlobalSection
	GlobalSection(ProjectConfigurationPlatforms) = postSolution
		{CCB68AF7-849E-415B-9AB8-36980949762B}.Debug|Any CPU.ActiveCfg = Debug|Any CPU
		{CCB68AF7-849E-415B-9AB8-36980949762B}.Debug|Any CPU.Build.0 = Debug|Any CPU
		{CCB68AF7-849E-415B-9AB8-36980949762B}.Release|Any CPU.ActiveCfg = Release|Any CPU
		{CCB68AF7-849E-415B-9AB8-36980949762B}.Release|Any CPU.Build.0 = Release|Any CPU
		{46C014E5-5167-4095-BCAD-C8124B69269B}.Debug|Any CPU.ActiveCfg = Debug|Any CPU
		{46C014E5-5167-4095-BCAD-C8124B69269B}.Debug|Any CPU.Build.0 = Debug|Any CPU
		{46C014E5-5167-4095-BCAD-C8124B69269B}.Release|Any CPU.ActiveCfg = Release|Any CPU
		{46C014E5-5167-4095-BCAD-C8124B69269B}.Release|Any CPU.Build.0 = Release|Any CPU
	EndGlobalSection
	GlobalSection(NestedProjects) = preSolution
		{CCB68AF7-849E-415B-9AB8-36980949762B} = {CDFAB90B-4033-420D-8676-3096C4B620FD}
		{46C014E5-5167-4095-BCAD-C8124B69269B} = {2434C45E-5F47-45AA-B220-FC53DA7934B2}
	EndGlobalSection
EndGlobal
