
Microsoft Visual Studio Solution File, Format Version 12.00
# Visual Studio Version 17
VisualStudioVersion = 17.5.002.0
MinimumVisualStudioVersion = 10.0.40219.1
Project("{9A19103F-16F7-4668-BE54-9A1E7A4F7556}") = "DatabaseVideogiochi", "DatabaseVideogiochi\DatabaseVideogiochi.csproj", "{98B3C666-B456-4AB9-82E6-8C4DDDA1DF40}"
EndProject
Project("{9A19103F-16F7-4668-BE54-9A1E7A4F7556}") = "entityFramework", "entityFramework\entityFramework.csproj", "{C32503D4-8FBB-404B-B21C-21057394EA2B}"
EndProject
Project("{9A19103F-16F7-4668-BE54-9A1E7A4F7556}") = "Esercitazioni", "Esercitazioni\Esercitazioni.csproj", "{A93EF1B4-E395-465C-B26C-B738B9F05A88}"
EndProject
Project("{9A19103F-16F7-4668-BE54-9A1E7A4F7556}") = "GiocoDadi", "GiocoDadi\GiocoDadi.csproj", "{BB385007-8667-43F9-A699-1B965E07E940}"
EndProject
Project("{9A19103F-16F7-4668-BE54-9A1E7A4F7556}") = "IndovinaIlNumero", "IndovinaIlNumero\IndovinaIlNumero.csproj", "{84B8B182-4CBC-4E21-A1D5-338A5CEDB88A}"
EndProject
Project("{9A19103F-16F7-4668-BE54-9A1E7A4F7556}") = "prove", "prove\prove.csproj", "{1078ED1E-23AB-4924-8BBB-DCE68B86F687}"
EndProject
Project("{9A19103F-16F7-4668-BE54-9A1E7A4F7556}") = "spectre", "spectre\spectre.csproj", "{554AAFEE-AAA2-4A38-85AE-50ECF1F112BF}"
EndProject
Project("{9A19103F-16F7-4668-BE54-9A1E7A4F7556}") = "Sql_Light", "Sql_Lite\Sql_Light.csproj", "{5EE5B223-7FE1-48B1-90CA-71CC21764C58}"
EndProject
Project("{2150E333-8FDC-42A3-9474-1A3956D46DE8}") = "LeClassi", "LeClassi", "{C3D2A546-1E21-4A48-B9F5-BADEC18ADEF4}"
EndProject
Project("{9A19103F-16F7-4668-BE54-9A1E7A4F7556}") = "Macchina", "LeClassi\Macchina\Macchina.csproj", "{E7F20DEE-4F7A-4F23-857B-7FA43D6D72B4}"
EndProject
Project("{2150E333-8FDC-42A3-9474-1A3956D46DE8}") = "MVC", "MVC", "{D9C983FF-0623-456D-B8BD-E25C804B0B5F}"
EndProject
Project("{9A19103F-16F7-4668-BE54-9A1E7A4F7556}") = "MvcConsole", "MVC\MvcConsole\MvcConsole.csproj", "{11FF3C42-C438-4D7B-8642-FD58673E220C}"
EndProject
Project("{2150E333-8FDC-42A3-9474-1A3956D46DE8}") = "MVC-entityFramework", "MVC-entityFramework", "{E55C15FD-B0C7-41B2-BAD8-D10663B387E9}"
EndProject
Project("{FAE04EC0-301F-11D3-BF4B-00C04F79EFBC}") = "MvcConsole", "MVC-entityFramework\MvcConsole\MvcConsole.csproj", "{27889C6C-73DE-44C2-A1EF-21669DA0941A}"
EndProject
Project("{2150E333-8FDC-42A3-9474-1A3956D46DE8}") = "Le_classi", "Le_classi", "{BB59A84A-E9BD-4446-AE28-5691F451F3FF}"
EndProject
Project("{FAE04EC0-301F-11D3-BF4B-00C04F79EFBC}") = "Dadi", "Le_classi\Dadi\Dadi.csproj", "{B2C3FDA6-3F9F-4441-86DB-6B9D386155CE}"
EndProject
Global
	GlobalSection(SolutionConfigurationPlatforms) = preSolution
		Debug|Any CPU = Debug|Any CPU
		Release|Any CPU = Release|Any CPU
	EndGlobalSection
	GlobalSection(ProjectConfigurationPlatforms) = postSolution
		{98B3C666-B456-4AB9-82E6-8C4DDDA1DF40}.Debug|Any CPU.ActiveCfg = Debug|Any CPU
		{98B3C666-B456-4AB9-82E6-8C4DDDA1DF40}.Debug|Any CPU.Build.0 = Debug|Any CPU
		{98B3C666-B456-4AB9-82E6-8C4DDDA1DF40}.Release|Any CPU.ActiveCfg = Release|Any CPU
		{98B3C666-B456-4AB9-82E6-8C4DDDA1DF40}.Release|Any CPU.Build.0 = Release|Any CPU
		{C32503D4-8FBB-404B-B21C-21057394EA2B}.Debug|Any CPU.ActiveCfg = Debug|Any CPU
		{C32503D4-8FBB-404B-B21C-21057394EA2B}.Debug|Any CPU.Build.0 = Debug|Any CPU
		{C32503D4-8FBB-404B-B21C-21057394EA2B}.Release|Any CPU.ActiveCfg = Release|Any CPU
		{C32503D4-8FBB-404B-B21C-21057394EA2B}.Release|Any CPU.Build.0 = Release|Any CPU
		{A93EF1B4-E395-465C-B26C-B738B9F05A88}.Debug|Any CPU.ActiveCfg = Debug|Any CPU
		{A93EF1B4-E395-465C-B26C-B738B9F05A88}.Debug|Any CPU.Build.0 = Debug|Any CPU
		{A93EF1B4-E395-465C-B26C-B738B9F05A88}.Release|Any CPU.ActiveCfg = Release|Any CPU
		{A93EF1B4-E395-465C-B26C-B738B9F05A88}.Release|Any CPU.Build.0 = Release|Any CPU
		{BB385007-8667-43F9-A699-1B965E07E940}.Debug|Any CPU.ActiveCfg = Debug|Any CPU
		{BB385007-8667-43F9-A699-1B965E07E940}.Debug|Any CPU.Build.0 = Debug|Any CPU
		{BB385007-8667-43F9-A699-1B965E07E940}.Release|Any CPU.ActiveCfg = Release|Any CPU
		{BB385007-8667-43F9-A699-1B965E07E940}.Release|Any CPU.Build.0 = Release|Any CPU
		{84B8B182-4CBC-4E21-A1D5-338A5CEDB88A}.Debug|Any CPU.ActiveCfg = Debug|Any CPU
		{84B8B182-4CBC-4E21-A1D5-338A5CEDB88A}.Debug|Any CPU.Build.0 = Debug|Any CPU
		{84B8B182-4CBC-4E21-A1D5-338A5CEDB88A}.Release|Any CPU.ActiveCfg = Release|Any CPU
		{84B8B182-4CBC-4E21-A1D5-338A5CEDB88A}.Release|Any CPU.Build.0 = Release|Any CPU
		{1078ED1E-23AB-4924-8BBB-DCE68B86F687}.Debug|Any CPU.ActiveCfg = Debug|Any CPU
		{1078ED1E-23AB-4924-8BBB-DCE68B86F687}.Debug|Any CPU.Build.0 = Debug|Any CPU
		{1078ED1E-23AB-4924-8BBB-DCE68B86F687}.Release|Any CPU.ActiveCfg = Release|Any CPU
		{1078ED1E-23AB-4924-8BBB-DCE68B86F687}.Release|Any CPU.Build.0 = Release|Any CPU
		{554AAFEE-AAA2-4A38-85AE-50ECF1F112BF}.Debug|Any CPU.ActiveCfg = Debug|Any CPU
		{554AAFEE-AAA2-4A38-85AE-50ECF1F112BF}.Debug|Any CPU.Build.0 = Debug|Any CPU
		{554AAFEE-AAA2-4A38-85AE-50ECF1F112BF}.Release|Any CPU.ActiveCfg = Release|Any CPU
		{554AAFEE-AAA2-4A38-85AE-50ECF1F112BF}.Release|Any CPU.Build.0 = Release|Any CPU
		{5EE5B223-7FE1-48B1-90CA-71CC21764C58}.Debug|Any CPU.ActiveCfg = Debug|Any CPU
		{5EE5B223-7FE1-48B1-90CA-71CC21764C58}.Debug|Any CPU.Build.0 = Debug|Any CPU
		{5EE5B223-7FE1-48B1-90CA-71CC21764C58}.Release|Any CPU.ActiveCfg = Release|Any CPU
		{5EE5B223-7FE1-48B1-90CA-71CC21764C58}.Release|Any CPU.Build.0 = Release|Any CPU
		{E7F20DEE-4F7A-4F23-857B-7FA43D6D72B4}.Debug|Any CPU.ActiveCfg = Debug|Any CPU
		{E7F20DEE-4F7A-4F23-857B-7FA43D6D72B4}.Debug|Any CPU.Build.0 = Debug|Any CPU
		{E7F20DEE-4F7A-4F23-857B-7FA43D6D72B4}.Release|Any CPU.ActiveCfg = Release|Any CPU
		{E7F20DEE-4F7A-4F23-857B-7FA43D6D72B4}.Release|Any CPU.Build.0 = Release|Any CPU
		{11FF3C42-C438-4D7B-8642-FD58673E220C}.Debug|Any CPU.ActiveCfg = Debug|Any CPU
		{11FF3C42-C438-4D7B-8642-FD58673E220C}.Debug|Any CPU.Build.0 = Debug|Any CPU
		{11FF3C42-C438-4D7B-8642-FD58673E220C}.Release|Any CPU.ActiveCfg = Release|Any CPU
		{11FF3C42-C438-4D7B-8642-FD58673E220C}.Release|Any CPU.Build.0 = Release|Any CPU
		{27889C6C-73DE-44C2-A1EF-21669DA0941A}.Debug|Any CPU.ActiveCfg = Debug|Any CPU
		{27889C6C-73DE-44C2-A1EF-21669DA0941A}.Debug|Any CPU.Build.0 = Debug|Any CPU
		{27889C6C-73DE-44C2-A1EF-21669DA0941A}.Release|Any CPU.ActiveCfg = Release|Any CPU
		{27889C6C-73DE-44C2-A1EF-21669DA0941A}.Release|Any CPU.Build.0 = Release|Any CPU
		{B2C3FDA6-3F9F-4441-86DB-6B9D386155CE}.Debug|Any CPU.ActiveCfg = Debug|Any CPU
		{B2C3FDA6-3F9F-4441-86DB-6B9D386155CE}.Debug|Any CPU.Build.0 = Debug|Any CPU
		{B2C3FDA6-3F9F-4441-86DB-6B9D386155CE}.Release|Any CPU.ActiveCfg = Release|Any CPU
		{B2C3FDA6-3F9F-4441-86DB-6B9D386155CE}.Release|Any CPU.Build.0 = Release|Any CPU
	EndGlobalSection
	GlobalSection(SolutionProperties) = preSolution
		HideSolutionNode = FALSE
	EndGlobalSection
	GlobalSection(NestedProjects) = preSolution
		{E7F20DEE-4F7A-4F23-857B-7FA43D6D72B4} = {C3D2A546-1E21-4A48-B9F5-BADEC18ADEF4}
		{11FF3C42-C438-4D7B-8642-FD58673E220C} = {D9C983FF-0623-456D-B8BD-E25C804B0B5F}
		{27889C6C-73DE-44C2-A1EF-21669DA0941A} = {E55C15FD-B0C7-41B2-BAD8-D10663B387E9}
		{B2C3FDA6-3F9F-4441-86DB-6B9D386155CE} = {BB59A84A-E9BD-4446-AE28-5691F451F3FF}
	EndGlobalSection
	GlobalSection(ExtensibilityGlobals) = postSolution
		SolutionGuid = {2188F491-A296-4181-95FB-3791937291E6}
	EndGlobalSection
EndGlobal
